
Microsoft Visual Studio Solution File, Format Version 12.00
# Visual Studio Version 17
VisualStudioVersion = 17.11.35219.272
MinimumVisualStudioVersion = 10.0.40219.1
Project("{FAE04EC0-301F-11D3-BF4B-00C04F79EFBC}") = "TextEditor", "TextEditor\TextEditor.csproj", "{8C6EDEA4-5F19-4E1A-9611-24A3D3F70958}"
EndProject
Global
	GlobalSection(SolutionConfigurationPlatforms) = preSolution
		Debug|Any CPU = Debug|Any CPU
		Release|Any CPU = Release|Any CPU
	EndGlobalSection
	GlobalSection(ProjectConfigurationPlatforms) = postSolution
		{8C6EDEA4-5F19-4E1A-9611-24A3D3F70958}.Debug|Any CPU.ActiveCfg = Debug|Any CPU
		{8C6EDEA4-5F19-4E1A-9611-24A3D3F70958}.Debug|Any CPU.Build.0 = Debug|Any CPU
		{8C6EDEA4-5F19-4E1A-9611-24A3D3F70958}.Release|Any CPU.ActiveCfg = Release|Any CPU
		{8C6EDEA4-5F19-4E1A-9611-24A3D3F70958}.Release|Any CPU.Build.0 = Release|Any CPU
	EndGlobalSection
	GlobalSection(SolutionProperties) = preSolution
		HideSolutionNode = FALSE
	EndGlobalSection
	GlobalSection(ExtensibilityGlobals) = postSolution
		SolutionGuid = {A5BE5098-4DB5-4A72-9048-3F26E6355654}
	EndGlobalSection
EndGlobal
